
Microsoft Visual Studio Solution File, Format Version 12.00
# Visual Studio Version 17
VisualStudioVersion = 17.10.35122.118
MinimumVisualStudioVersion = 10.0.40219.1
Project("{FAE04EC0-301F-11D3-BF4B-00C04F79EFBC}") = "Practica6", "Practica6\Practica6.csproj", "{47BECD4E-A939-4E4D-8248-2090E2E553FC}"
EndProject
Global
	GlobalSection(SolutionConfigurationPlatforms) = preSolution
		Debug|Any CPU = Debug|Any CPU
		Release|Any CPU = Release|Any CPU
	EndGlobalSection
	GlobalSection(ProjectConfigurationPlatforms) = postSolution
		{47BECD4E-A939-4E4D-8248-2090E2E553FC}.Debug|Any CPU.ActiveCfg = Debug|Any CPU
		{47BECD4E-A939-4E4D-8248-2090E2E553FC}.Debug|Any CPU.Build.0 = Debug|Any CPU
		{47BECD4E-A939-4E4D-8248-2090E2E553FC}.Release|Any CPU.ActiveCfg = Release|Any CPU
		{47BECD4E-A939-4E4D-8248-2090E2E553FC}.Release|Any CPU.Build.0 = Release|Any CPU
	EndGlobalSection
	GlobalSection(SolutionProperties) = preSolution
		HideSolutionNode = FALSE
	EndGlobalSection
	GlobalSection(ExtensibilityGlobals) = postSolution
		SolutionGuid = {6FFC6DC6-5962-4522-8908-DB164FBEE9C0}
	EndGlobalSection
EndGlobal
